
Microsoft Visual Studio Solution File, Format Version 12.00
# Visual Studio Version 16
VisualStudioVersion = 16.0.31105.61
MinimumVisualStudioVersion = 10.0.40219.1
Project("{FAE04EC0-301F-11D3-BF4B-00C04F79EFBC}") = "DPET_Bot_Console", "..\DPET_Bot_Console\DPET_Bot_Console.csproj", "{36D3A657-66A0-4184-9876-74DBCA15CEA1}"
EndProject
Global
	GlobalSection(SolutionConfigurationPlatforms) = preSolution
		Debug|Any CPU = Debug|Any CPU
		Release|Any CPU = Release|Any CPU
	EndGlobalSection
	GlobalSection(ProjectConfigurationPlatforms) = postSolution
		{36D3A657-66A0-4184-9876-74DBCA15CEA1}.Debug|Any CPU.ActiveCfg = Debug|Any CPU
		{36D3A657-66A0-4184-9876-74DBCA15CEA1}.Debug|Any CPU.Build.0 = Debug|Any CPU
		{36D3A657-66A0-4184-9876-74DBCA15CEA1}.Release|Any CPU.ActiveCfg = Release|Any CPU
		{36D3A657-66A0-4184-9876-74DBCA15CEA1}.Release|Any CPU.Build.0 = Release|Any CPU
	EndGlobalSection
	GlobalSection(SolutionProperties) = preSolution
		HideSolutionNode = FALSE
	EndGlobalSection
	GlobalSection(ExtensibilityGlobals) = postSolution
		SolutionGuid = {E7602CC4-855C-40EC-9F4A-286C1EFFCF06}
	EndGlobalSection
EndGlobal
